// !$*UTF8*$!
{
	archiveVersion = 1;
	classes = {
	};
	objectVersion = 56;
	objects = {

/* Begin PBXBuildFile section */
		190410922B66BBBB0078BFF6 /* InventoryItemView.swift in Sources */ = {isa = PBXBuildFile; fileRef = 190410902B66BBBB0078BFF6 /* InventoryItemView.swift */; };
		190410932B66BBBB0078BFF6 /* InventoryListView.swift in Sources */ = {isa = PBXBuildFile; fileRef = 190410912B66BBBB0078BFF6 /* InventoryListView.swift */; };
		190410972B66BBC60078BFF6 /* InventoryItemViewModel.swift in Sources */ = {isa = PBXBuildFile; fileRef = 190410952B66BBC60078BFF6 /* InventoryItemViewModel.swift */; };
		190410982B66BBC60078BFF6 /* NavigationViewModel.swift in Sources */ = {isa = PBXBuildFile; fileRef = 190410962B66BBC60078BFF6 /* NavigationViewModel.swift */; };
		190F01602B66BF4F00CF0789 /* URL+Extension.swift in Sources */ = {isa = PBXBuildFile; fileRef = 1904108B2B66BB990078BFF6 /* URL+Extension.swift */; };
		190F01612B66BF5200CF0789 /* USDZItemProvider.swift in Sources */ = {isa = PBXBuildFile; fileRef = 1904108D2B66BBA10078BFF6 /* USDZItemProvider.swift */; };
		1997A3E32B640ACB00FA4EAA /* AppDelegate.swift in Sources */ = {isa = PBXBuildFile; fileRef = 1997A3E22B640ACB00FA4EAA /* AppDelegate.swift */; };
		1997A3E42B640ACB00FA4EAA /* AppDelegate.swift in Sources */ = {isa = PBXBuildFile; fileRef = 1997A3E22B640ACB00FA4EAA /* AppDelegate.swift */; };
		1997A3E72B640CA800FA4EAA /* InventoryItem.swift in Sources */ = {isa = PBXBuildFile; fileRef = 1997A3E62B640CA800FA4EAA /* InventoryItem.swift */; };
		1997A3E82B640CA800FA4EAA /* InventoryItem.swift in Sources */ = {isa = PBXBuildFile; fileRef = 1997A3E62B640CA800FA4EAA /* InventoryItem.swift */; };
		1997A3EB2B640E0C00FA4EAA /* InventoryListViewModel.swift in Sources */ = {isa = PBXBuildFile; fileRef = 1997A3EA2B640E0C00FA4EAA /* InventoryListViewModel.swift */; };
		1997A3EC2B640E0C00FA4EAA /* InventoryListViewModel.swift in Sources */ = {isa = PBXBuildFile; fileRef = 1997A3EA2B640E0C00FA4EAA /* InventoryListViewModel.swift */; };
		1997A3EE2B64107F00FA4EAA /* String+Extension.swift in Sources */ = {isa = PBXBuildFile; fileRef = 1997A3ED2B64107F00FA4EAA /* String+Extension.swift */; };
		1997A3EF2B64107F00FA4EAA /* String+Extension.swift in Sources */ = {isa = PBXBuildFile; fileRef = 1997A3ED2B64107F00FA4EAA /* String+Extension.swift */; };
		1997A3F22B6410EE00FA4EAA /* InventoryListView.swift in Sources */ = {isa = PBXBuildFile; fileRef = 1997A3F12B6410EE00FA4EAA /* InventoryListView.swift */; };
		1997A3F42B64161100FA4EAA /* InventoryFormView.swift in Sources */ = {isa = PBXBuildFile; fileRef = 1997A3F32B64161100FA4EAA /* InventoryFormView.swift */; };
		1997A3F72B64165300FA4EAA /* InventoryFormViewModel.swift in Sources */ = {isa = PBXBuildFile; fileRef = 1997A3F62B64165300FA4EAA /* InventoryFormViewModel.swift */; };
		19A75C522B64056900CEF00F /* ARInventoryAppApp.swift in Sources */ = {isa = PBXBuildFile; fileRef = 19A75C512B64056900CEF00F /* ARInventoryAppApp.swift */; };
		19A75C562B64056900CEF00F /* Assets.xcassets in Resources */ = {isa = PBXBuildFile; fileRef = 19A75C552B64056900CEF00F /* Assets.xcassets */; };
		19A75C592B64056900CEF00F /* Preview Assets.xcassets in Resources */ = {isa = PBXBuildFile; fileRef = 19A75C582B64056900CEF00F /* Preview Assets.xcassets */; };
		19A75C682B64059A00CEF00F /* RealityKitContent in Frameworks */ = {isa = PBXBuildFile; productRef = 19A75C672B64059A00CEF00F /* RealityKitContent */; };
		19A75C6A2B64059A00CEF00F /* ARInventoryAppVisionApp.swift in Sources */ = {isa = PBXBuildFile; fileRef = 19A75C692B64059A00CEF00F /* ARInventoryAppVisionApp.swift */; };
		19A75C6E2B64059B00CEF00F /* Assets.xcassets in Resources */ = {isa = PBXBuildFile; fileRef = 19A75C6D2B64059B00CEF00F /* Assets.xcassets */; };
		19A75C712B64059B00CEF00F /* Preview Assets.xcassets in Resources */ = {isa = PBXBuildFile; fileRef = 19A75C702B64059B00CEF00F /* Preview Assets.xcassets */; };
		19A75C792B64061600CEF00F /* FirebaseFirestore in Frameworks */ = {isa = PBXBuildFile; productRef = 19A75C782B64061600CEF00F /* FirebaseFirestore */; };
		19A75C7B2B64061600CEF00F /* FirebaseFirestoreSwift in Frameworks */ = {isa = PBXBuildFile; productRef = 19A75C7A2B64061600CEF00F /* FirebaseFirestoreSwift */; };
		19A75C7D2B64061600CEF00F /* FirebaseStorage in Frameworks */ = {isa = PBXBuildFile; productRef = 19A75C7C2B64061600CEF00F /* FirebaseStorage */; };
		19A75C7F2B64062500CEF00F /* FirebaseFirestore in Frameworks */ = {isa = PBXBuildFile; productRef = 19A75C7E2B64062500CEF00F /* FirebaseFirestore */; };
		19A75C812B64062500CEF00F /* FirebaseFirestoreSwift in Frameworks */ = {isa = PBXBuildFile; productRef = 19A75C802B64062500CEF00F /* FirebaseFirestoreSwift */; };
		19A75C832B64062500CEF00F /* FirebaseStorage in Frameworks */ = {isa = PBXBuildFile; productRef = 19A75C822B64062500CEF00F /* FirebaseStorage */; };
		19A75C852B64069800CEF00F /* GoogleService-Info.plist in Resources */ = {isa = PBXBuildFile; fileRef = 19A75C842B64069800CEF00F /* GoogleService-Info.plist */; };
		19A75C872B6406B300CEF00F /* GoogleService-Info.plist in Resources */ = {isa = PBXBuildFile; fileRef = 19A75C862B6406B300CEF00F /* GoogleService-Info.plist */; };
/* End PBXBuildFile section */

/* Begin PBXFileReference section */
		1904108B2B66BB990078BFF6 /* URL+Extension.swift */ = {isa = PBXFileReference; fileEncoding = 4; lastKnownFileType = sourcecode.swift; path = "URL+Extension.swift"; sourceTree = "<group>"; };
		1904108D2B66BBA10078BFF6 /* USDZItemProvider.swift */ = {isa = PBXFileReference; fileEncoding = 4; lastKnownFileType = sourcecode.swift; path = USDZItemProvider.swift; sourceTree = "<group>"; };
		190410902B66BBBB0078BFF6 /* InventoryItemView.swift */ = {isa = PBXFileReference; fileEncoding = 4; lastKnownFileType = sourcecode.swift; path = InventoryItemView.swift; sourceTree = "<group>"; };
		190410912B66BBBB0078BFF6 /* InventoryListView.swift */ = {isa = PBXFileReference; fileEncoding = 4; lastKnownFileType = sourcecode.swift; path = InventoryListView.swift; sourceTree = "<group>"; };
		190410952B66BBC60078BFF6 /* InventoryItemViewModel.swift */ = {isa = PBXFileReference; fileEncoding = 4; lastKnownFileType = sourcecode.swift; path = InventoryItemViewModel.swift; sourceTree = "<group>"; };
		190410962B66BBC60078BFF6 /* NavigationViewModel.swift */ = {isa = PBXFileReference; fileEncoding = 4; lastKnownFileType = sourcecode.swift; path = NavigationViewModel.swift; sourceTree = "<group>"; };
		1997A3DE2B6409E700FA4EAA /* Info.plist */ = {isa = PBXFileReference; lastKnownFileType = text.plist; path = Info.plist; sourceTree = "<group>"; };
		1997A3E22B640ACB00FA4EAA /* AppDelegate.swift */ = {isa = PBXFileReference; lastKnownFileType = sourcecode.swift; path = AppDelegate.swift; sourceTree = "<group>"; };
		1997A3E62B640CA800FA4EAA /* InventoryItem.swift */ = {isa = PBXFileReference; lastKnownFileType = sourcecode.swift; path = InventoryItem.swift; sourceTree = "<group>"; };
		1997A3EA2B640E0C00FA4EAA /* InventoryListViewModel.swift */ = {isa = PBXFileReference; lastKnownFileType = sourcecode.swift; path = InventoryListViewModel.swift; sourceTree = "<group>"; };
		1997A3ED2B64107F00FA4EAA /* String+Extension.swift */ = {isa = PBXFileReference; lastKnownFileType = sourcecode.swift; path = "String+Extension.swift"; sourceTree = "<group>"; };
		1997A3F12B6410EE00FA4EAA /* InventoryListView.swift */ = {isa = PBXFileReference; lastKnownFileType = sourcecode.swift; path = InventoryListView.swift; sourceTree = "<group>"; };
		1997A3F32B64161100FA4EAA /* InventoryFormView.swift */ = {isa = PBXFileReference; lastKnownFileType = sourcecode.swift; path = InventoryFormView.swift; sourceTree = "<group>"; };
		1997A3F62B64165300FA4EAA /* InventoryFormViewModel.swift */ = {isa = PBXFileReference; lastKnownFileType = sourcecode.swift; path = InventoryFormViewModel.swift; sourceTree = "<group>"; };
		19A75C4E2B64056900CEF00F /* ARInventoryApp.app */ = {isa = PBXFileReference; explicitFileType = wrapper.application; includeInIndex = 0; path = ARInventoryApp.app; sourceTree = BUILT_PRODUCTS_DIR; };
		19A75C512B64056900CEF00F /* ARInventoryAppApp.swift */ = {isa = PBXFileReference; lastKnownFileType = sourcecode.swift; path = ARInventoryAppApp.swift; sourceTree = "<group>"; };
		19A75C552B64056900CEF00F /* Assets.xcassets */ = {isa = PBXFileReference; lastKnownFileType = folder.assetcatalog; path = Assets.xcassets; sourceTree = "<group>"; };
		19A75C582B64056900CEF00F /* Preview Assets.xcassets */ = {isa = PBXFileReference; lastKnownFileType = folder.assetcatalog; path = "Preview Assets.xcassets"; sourceTree = "<group>"; };
		19A75C632B64059A00CEF00F /* ARInventoryAppVision.app */ = {isa = PBXFileReference; explicitFileType = wrapper.application; includeInIndex = 0; path = ARInventoryAppVision.app; sourceTree = BUILT_PRODUCTS_DIR; };
		19A75C662B64059A00CEF00F /* RealityKitContent */ = {isa = PBXFileReference; lastKnownFileType = wrapper; path = RealityKitContent; sourceTree = "<group>"; };
		19A75C692B64059A00CEF00F /* ARInventoryAppVisionApp.swift */ = {isa = PBXFileReference; lastKnownFileType = sourcecode.swift; path = ARInventoryAppVisionApp.swift; sourceTree = "<group>"; };
		19A75C6D2B64059B00CEF00F /* Assets.xcassets */ = {isa = PBXFileReference; lastKnownFileType = folder.assetcatalog; path = Assets.xcassets; sourceTree = "<group>"; };
		19A75C702B64059B00CEF00F /* Preview Assets.xcassets */ = {isa = PBXFileReference; lastKnownFileType = folder.assetcatalog; path = "Preview Assets.xcassets"; sourceTree = "<group>"; };
		19A75C722B64059B00CEF00F /* Info.plist */ = {isa = PBXFileReference; lastKnownFileType = text.plist.xml; path = Info.plist; sourceTree = "<group>"; };
		19A75C842B64069800CEF00F /* GoogleService-Info.plist */ = {isa = PBXFileReference; fileEncoding = 4; lastKnownFileType = text.plist.xml; path = "GoogleService-Info.plist"; sourceTree = "<group>"; };
		19A75C862B6406B300CEF00F /* GoogleService-Info.plist */ = {isa = PBXFileReference; fileEncoding = 4; lastKnownFileType = text.plist.xml; path = "GoogleService-Info.plist"; sourceTree = "<group>"; };
/* End PBXFileReference section */

/* Begin PBXFrameworksBuildPhase section */
		19A75C4B2B64056900CEF00F /* Frameworks */ = {
			isa = PBXFrameworksBuildPhase;
			buildActionMask = 2147483647;
			files = (
				19A75C792B64061600CEF00F /* FirebaseFirestore in Frameworks */,
				19A75C7B2B64061600CEF00F /* FirebaseFirestoreSwift in Frameworks */,
				19A75C7D2B64061600CEF00F /* FirebaseStorage in Frameworks */,
			);
			runOnlyForDeploymentPostprocessing = 0;
		};
		19A75C602B64059A00CEF00F /* Frameworks */ = {
			isa = PBXFrameworksBuildPhase;
			buildActionMask = 2147483647;
			files = (
				19A75C682B64059A00CEF00F /* RealityKitContent in Frameworks */,
				19A75C832B64062500CEF00F /* FirebaseStorage in Frameworks */,
				19A75C7F2B64062500CEF00F /* FirebaseFirestore in Frameworks */,
				19A75C812B64062500CEF00F /* FirebaseFirestoreSwift in Frameworks */,
			);
			runOnlyForDeploymentPostprocessing = 0;
		};
/* End PBXFrameworksBuildPhase section */

/* Begin PBXGroup section */
		1904108F2B66BBBB0078BFF6 /* Views */ = {
			isa = PBXGroup;
			children = (
				190410902B66BBBB0078BFF6 /* InventoryItemView.swift */,
				190410912B66BBBB0078BFF6 /* InventoryListView.swift */,
			);
			path = Views;
			sourceTree = "<group>";
		};
		190410942B66BBC60078BFF6 /* Observables */ = {
			isa = PBXGroup;
			children = (
				190410952B66BBC60078BFF6 /* InventoryItemViewModel.swift */,
				190410962B66BBC60078BFF6 /* NavigationViewModel.swift */,
			);
			path = Observables;
			sourceTree = "<group>";
		};
		1997A3DF2B640A6A00FA4EAA /* Shared */ = {
			isa = PBXGroup;
			children = (
				1997A3E92B640DD000FA4EAA /* Observables */,
				1997A3E52B640C9900FA4EAA /* Models */,
				1997A3E22B640ACB00FA4EAA /* AppDelegate.swift */,
				1997A3ED2B64107F00FA4EAA /* String+Extension.swift */,
			);
			path = Shared;
			sourceTree = "<group>";
		};
		1997A3E52B640C9900FA4EAA /* Models */ = {
			isa = PBXGroup;
			children = (
				1997A3E62B640CA800FA4EAA /* InventoryItem.swift */,
			);
			path = Models;
			sourceTree = "<group>";
		};
		1997A3E92B640DD000FA4EAA /* Observables */ = {
			isa = PBXGroup;
			children = (
				1997A3EA2B640E0C00FA4EAA /* InventoryListViewModel.swift */,
			);
			path = Observables;
			sourceTree = "<group>";
		};
		1997A3F02B6410CB00FA4EAA /* Views */ = {
			isa = PBXGroup;
			children = (
				1997A3F12B6410EE00FA4EAA /* InventoryListView.swift */,
				1997A3F32B64161100FA4EAA /* InventoryFormView.swift */,
			);
			path = Views;
			sourceTree = "<group>";
		};
		1997A3F52B64163900FA4EAA /* Observables */ = {
			isa = PBXGroup;
			children = (
				1997A3F62B64165300FA4EAA /* InventoryFormViewModel.swift */,
			);
			path = Observables;
			sourceTree = "<group>";
		};
		19A75C452B64056900CEF00F = {
			isa = PBXGroup;
			children = (
				1997A3DF2B640A6A00FA4EAA /* Shared */,
				19A75C502B64056900CEF00F /* ARInventoryApp */,
				19A75C642B64059A00CEF00F /* ARInventoryAppVision */,
				19A75C652B64059A00CEF00F /* Packages */,
				19A75C4F2B64056900CEF00F /* Products */,
				19A75C772B64061600CEF00F /* Frameworks */,
			);
			sourceTree = "<group>";
		};
		19A75C4F2B64056900CEF00F /* Products */ = {
			isa = PBXGroup;
			children = (
				19A75C4E2B64056900CEF00F /* ARInventoryApp.app */,
				19A75C632B64059A00CEF00F /* ARInventoryAppVision.app */,
			);
			name = Products;
			sourceTree = "<group>";
		};
		19A75C502B64056900CEF00F /* ARInventoryApp */ = {
			isa = PBXGroup;
			children = (
				1997A3F52B64163900FA4EAA /* Observables */,
				1997A3F02B6410CB00FA4EAA /* Views */,
				1997A3DE2B6409E700FA4EAA /* Info.plist */,
				19A75C842B64069800CEF00F /* GoogleService-Info.plist */,
				19A75C512B64056900CEF00F /* ARInventoryAppApp.swift */,
				19A75C552B64056900CEF00F /* Assets.xcassets */,
				19A75C572B64056900CEF00F /* Preview Content */,
			);
			path = ARInventoryApp;
			sourceTree = "<group>";
		};
		19A75C572B64056900CEF00F /* Preview Content */ = {
			isa = PBXGroup;
			children = (
				19A75C582B64056900CEF00F /* Preview Assets.xcassets */,
			);
			path = "Preview Content";
			sourceTree = "<group>";
		};
		19A75C642B64059A00CEF00F /* ARInventoryAppVision */ = {
			isa = PBXGroup;
			children = (
				19A75C862B6406B300CEF00F /* GoogleService-Info.plist */,
				190410942B66BBC60078BFF6 /* Observables */,
				19A75C692B64059A00CEF00F /* ARInventoryAppVisionApp.swift */,
				1904108D2B66BBA10078BFF6 /* USDZItemProvider.swift */,
				1904108B2B66BB990078BFF6 /* URL+Extension.swift */,
				1904108F2B66BBBB0078BFF6 /* Views */,
				19A75C6D2B64059B00CEF00F /* Assets.xcassets */,
				19A75C722B64059B00CEF00F /* Info.plist */,
				19A75C6F2B64059B00CEF00F /* Preview Content */,
			);
			path = ARInventoryAppVision;
			sourceTree = "<group>";
		};
		19A75C652B64059A00CEF00F /* Packages */ = {
			isa = PBXGroup;
			children = (
				19A75C662B64059A00CEF00F /* RealityKitContent */,
			);
			path = Packages;
			sourceTree = "<group>";
		};
		19A75C6F2B64059B00CEF00F /* Preview Content */ = {
			isa = PBXGroup;
			children = (
				19A75C702B64059B00CEF00F /* Preview Assets.xcassets */,
			);
			path = "Preview Content";
			sourceTree = "<group>";
		};
		19A75C772B64061600CEF00F /* Frameworks */ = {
			isa = PBXGroup;
			children = (
			);
			name = Frameworks;
			sourceTree = "<group>";
		};
/* End PBXGroup section */

/* Begin PBXNativeTarget section */
		19A75C4D2B64056900CEF00F /* ARInventoryApp */ = {
			isa = PBXNativeTarget;
			buildConfigurationList = 19A75C5C2B64056900CEF00F /* Build configuration list for PBXNativeTarget "ARInventoryApp" */;
			buildPhases = (
				19A75C4A2B64056900CEF00F /* Sources */,
				19A75C4B2B64056900CEF00F /* Frameworks */,
				19A75C4C2B64056900CEF00F /* Resources */,
			);
			buildRules = (
			);
			dependencies = (
			);
			name = ARInventoryApp;
			packageProductDependencies = (
				19A75C782B64061600CEF00F /* FirebaseFirestore */,
				19A75C7A2B64061600CEF00F /* FirebaseFirestoreSwift */,
				19A75C7C2B64061600CEF00F /* FirebaseStorage */,
			);
			productName = ARInventoryApp;
			productReference = 19A75C4E2B64056900CEF00F /* ARInventoryApp.app */;
			productType = "com.apple.product-type.application";
		};
		19A75C622B64059A00CEF00F /* ARInventoryAppVision */ = {
			isa = PBXNativeTarget;
			buildConfigurationList = 19A75C732B64059B00CEF00F /* Build configuration list for PBXNativeTarget "ARInventoryAppVision" */;
			buildPhases = (
				19A75C5F2B64059A00CEF00F /* Sources */,
				19A75C602B64059A00CEF00F /* Frameworks */,
				19A75C612B64059A00CEF00F /* Resources */,
			);
			buildRules = (
			);
			dependencies = (
			);
			name = ARInventoryAppVision;
			packageProductDependencies = (
				19A75C672B64059A00CEF00F /* RealityKitContent */,
				19A75C7E2B64062500CEF00F /* FirebaseFirestore */,
				19A75C802B64062500CEF00F /* FirebaseFirestoreSwift */,
				19A75C822B64062500CEF00F /* FirebaseStorage */,
			);
			productName = ARInventoryAppVision;
			productReference = 19A75C632B64059A00CEF00F /* ARInventoryAppVision.app */;
			productType = "com.apple.product-type.application";
		};
/* End PBXNativeTarget section */

/* Begin PBXProject section */
		19A75C462B64056900CEF00F /* Project object */ = {
			isa = PBXProject;
			attributes = {
				BuildIndependentTargetsInParallel = 1;
				LastSwiftUpdateCheck = 1520;
				LastUpgradeCheck = 1520;
				TargetAttributes = {
					19A75C4D2B64056900CEF00F = {
						CreatedOnToolsVersion = 15.2;
					};
					19A75C622B64059A00CEF00F = {
						CreatedOnToolsVersion = 15.2;
					};
				};
			};
			buildConfigurationList = 19A75C492B64056900CEF00F /* Build configuration list for PBXProject "ARInventoryApp" */;
			compatibilityVersion = "Xcode 14.0";
			developmentRegion = en;
			hasScannedForEncodings = 0;
			knownRegions = (
				en,
				Base,
			);
			mainGroup = 19A75C452B64056900CEF00F;
			packageReferences = (
				19A75C762B6405F500CEF00F /* XCRemoteSwiftPackageReference "firebase-ios-sdk" */,
			);
			productRefGroup = 19A75C4F2B64056900CEF00F /* Products */;
			projectDirPath = "";
			projectRoot = "";
			targets = (
				19A75C4D2B64056900CEF00F /* ARInventoryApp */,
				19A75C622B64059A00CEF00F /* ARInventoryAppVision */,
			);
		};
/* End PBXProject section */

/* Begin PBXResourcesBuildPhase section */
		19A75C4C2B64056900CEF00F /* Resources */ = {
			isa = PBXResourcesBuildPhase;
			buildActionMask = 2147483647;
			files = (
				19A75C592B64056900CEF00F /* Preview Assets.xcassets in Resources */,
				19A75C852B64069800CEF00F /* GoogleService-Info.plist in Resources */,
				19A75C562B64056900CEF00F /* Assets.xcassets in Resources */,
			);
			runOnlyForDeploymentPostprocessing = 0;
		};
		19A75C612B64059A00CEF00F /* Resources */ = {
			isa = PBXResourcesBuildPhase;
			buildActionMask = 2147483647;
			files = (
				19A75C712B64059B00CEF00F /* Preview Assets.xcassets in Resources */,
				19A75C872B6406B300CEF00F /* GoogleService-Info.plist in Resources */,
				19A75C6E2B64059B00CEF00F /* Assets.xcassets in Resources */,
			);
			runOnlyForDeploymentPostprocessing = 0;
		};
/* End PBXResourcesBuildPhase section */

/* Begin PBXSourcesBuildPhase section */
		19A75C4A2B64056900CEF00F /* Sources */ = {
			isa = PBXSourcesBuildPhase;
			buildActionMask = 2147483647;
			files = (
				1997A3E32B640ACB00FA4EAA /* AppDelegate.swift in Sources */,
				1997A3F22B6410EE00FA4EAA /* InventoryListView.swift in Sources */,
				19A75C522B64056900CEF00F /* ARInventoryAppApp.swift in Sources */,
				1997A3E72B640CA800FA4EAA /* InventoryItem.swift in Sources */,
				1997A3EE2B64107F00FA4EAA /* String+Extension.swift in Sources */,
				1997A3EB2B640E0C00FA4EAA /* InventoryListViewModel.swift in Sources */,
				1997A3F42B64161100FA4EAA /* InventoryFormView.swift in Sources */,
				1997A3F72B64165300FA4EAA /* InventoryFormViewModel.swift in Sources */,
			);
			runOnlyForDeploymentPostprocessing = 0;
		};
		19A75C5F2B64059A00CEF00F /* Sources */ = {
			isa = PBXSourcesBuildPhase;
			buildActionMask = 2147483647;
			files = (
				1997A3E42B640ACB00FA4EAA /* AppDelegate.swift in Sources */,
				19A75C6A2B64059A00CEF00F /* ARInventoryAppVisionApp.swift in Sources */,
				1997A3E82B640CA800FA4EAA /* InventoryItem.swift in Sources */,
				190F01602B66BF4F00CF0789 /* URL+Extension.swift in Sources */,
				190410972B66BBC60078BFF6 /* InventoryItemViewModel.swift in Sources */,
				1997A3EF2B64107F00FA4EAA /* String+Extension.swift in Sources */,
				1997A3EC2B640E0C00FA4EAA /* InventoryListViewModel.swift in Sources */,
				190F01612B66BF5200CF0789 /* USDZItemProvider.swift in Sources */,
				190410922B66BBBB0078BFF6 /* InventoryItemView.swift in Sources */,
				190410982B66BBC60078BFF6 /* NavigationViewModel.swift in Sources */,
				190410932B66BBBB0078BFF6 /* InventoryListView.swift in Sources */,
			);
			runOnlyForDeploymentPostprocessing = 0;
		};
/* End PBXSourcesBuildPhase section */

/* Begin XCBuildConfiguration section */
		19A75C5A2B64056900CEF00F /* Debug */ = {
			isa = XCBuildConfiguration;
			buildSettings = {
				ALWAYS_SEARCH_USER_PATHS = NO;
				ASSETCATALOG_COMPILER_GENERATE_SWIFT_ASSET_SYMBOL_EXTENSIONS = YES;
				CLANG_ANALYZER_NONNULL = YES;
				CLANG_ANALYZER_NUMBER_OBJECT_CONVERSION = YES_AGGRESSIVE;
				CLANG_CXX_LANGUAGE_STANDARD = "gnu++20";
				CLANG_ENABLE_MODULES = YES;
				CLANG_ENABLE_OBJC_ARC = YES;
				CLANG_ENABLE_OBJC_WEAK = YES;
				CLANG_WARN_BLOCK_CAPTURE_AUTORELEASING = YES;
				CLANG_WARN_BOOL_CONVERSION = YES;
				CLANG_WARN_COMMA = YES;
				CLANG_WARN_CONSTANT_CONVERSION = YES;
				CLANG_WARN_DEPRECATED_OBJC_IMPLEMENTATIONS = YES;
				CLANG_WARN_DIRECT_OBJC_ISA_USAGE = YES_ERROR;
				CLANG_WARN_DOCUMENTATION_COMMENTS = YES;
				CLANG_WARN_EMPTY_BODY = YES;
				CLANG_WARN_ENUM_CONVERSION = YES;
				CLANG_WARN_INFINITE_RECURSION = YES;
				CLANG_WARN_INT_CONVERSION = YES;
				CLANG_WARN_NON_LITERAL_NULL_CONVERSION = YES;
				CLANG_WARN_OBJC_IMPLICIT_RETAIN_SELF = YES;
				CLANG_WARN_OBJC_LITERAL_CONVERSION = YES;
				CLANG_WARN_OBJC_ROOT_CLASS = YES_ERROR;
				CLANG_WARN_QUOTED_INCLUDE_IN_FRAMEWORK_HEADER = YES;
				CLANG_WARN_RANGE_LOOP_ANALYSIS = YES;
				CLANG_WARN_STRICT_PROTOTYPES = YES;
				CLANG_WARN_SUSPICIOUS_MOVE = YES;
				CLANG_WARN_UNGUARDED_AVAILABILITY = YES_AGGRESSIVE;
				CLANG_WARN_UNREACHABLE_CODE = YES;
				CLANG_WARN__DUPLICATE_METHOD_MATCH = YES;
				COPY_PHASE_STRIP = NO;
				DEBUG_INFORMATION_FORMAT = dwarf;
				ENABLE_STRICT_OBJC_MSGSEND = YES;
				ENABLE_TESTABILITY = YES;
				ENABLE_USER_SCRIPT_SANDBOXING = YES;
				GCC_C_LANGUAGE_STANDARD = gnu17;
				GCC_DYNAMIC_NO_PIC = NO;
				GCC_NO_COMMON_BLOCKS = YES;
				GCC_OPTIMIZATION_LEVEL = 0;
				GCC_PREPROCESSOR_DEFINITIONS = (
					"DEBUG=1",
					"$(inherited)",
				);
				GCC_WARN_64_TO_32_BIT_CONVERSION = YES;
				GCC_WARN_ABOUT_RETURN_TYPE = YES_ERROR;
				GCC_WARN_UNDECLARED_SELECTOR = YES;
				GCC_WARN_UNINITIALIZED_AUTOS = YES_AGGRESSIVE;
				GCC_WARN_UNUSED_FUNCTION = YES;
				GCC_WARN_UNUSED_VARIABLE = YES;
				IPHONEOS_DEPLOYMENT_TARGET = 17.2;
				LOCALIZATION_PREFERS_STRING_CATALOGS = YES;
				MTL_ENABLE_DEBUG_INFO = INCLUDE_SOURCE;
				MTL_FAST_MATH = YES;
				ONLY_ACTIVE_ARCH = YES;
				SDKROOT = iphoneos;
				SWIFT_ACTIVE_COMPILATION_CONDITIONS = "DEBUG $(inherited)";
				SWIFT_OPTIMIZATION_LEVEL = "-Onone";
			};
			name = Debug;
		};
		19A75C5B2B64056900CEF00F /* Release */ = {
			isa = XCBuildConfiguration;
			buildSettings = {
				ALWAYS_SEARCH_USER_PATHS = NO;
				ASSETCATALOG_COMPILER_GENERATE_SWIFT_ASSET_SYMBOL_EXTENSIONS = YES;
				CLANG_ANALYZER_NONNULL = YES;
				CLANG_ANALYZER_NUMBER_OBJECT_CONVERSION = YES_AGGRESSIVE;
				CLANG_CXX_LANGUAGE_STANDARD = "gnu++20";
				CLANG_ENABLE_MODULES = YES;
				CLANG_ENABLE_OBJC_ARC = YES;
				CLANG_ENABLE_OBJC_WEAK = YES;
				CLANG_WARN_BLOCK_CAPTURE_AUTORELEASING = YES;
				CLANG_WARN_BOOL_CONVERSION = YES;
				CLANG_WARN_COMMA = YES;
				CLANG_WARN_CONSTANT_CONVERSION = YES;
				CLANG_WARN_DEPRECATED_OBJC_IMPLEMENTATIONS = YES;
				CLANG_WARN_DIRECT_OBJC_ISA_USAGE = YES_ERROR;
				CLANG_WARN_DOCUMENTATION_COMMENTS = YES;
				CLANG_WARN_EMPTY_BODY = YES;
				CLANG_WARN_ENUM_CONVERSION = YES;
				CLANG_WARN_INFINITE_RECURSION = YES;
				CLANG_WARN_INT_CONVERSION = YES;
				CLANG_WARN_NON_LITERAL_NULL_CONVERSION = YES;
				CLANG_WARN_OBJC_IMPLICIT_RETAIN_SELF = YES;
				CLANG_WARN_OBJC_LITERAL_CONVERSION = YES;
				CLANG_WARN_OBJC_ROOT_CLASS = YES_ERROR;
				CLANG_WARN_QUOTED_INCLUDE_IN_FRAMEWORK_HEADER = YES;
				CLANG_WARN_RANGE_LOOP_ANALYSIS = YES;
				CLANG_WARN_STRICT_PROTOTYPES = YES;
				CLANG_WARN_SUSPICIOUS_MOVE = YES;
				CLANG_WARN_UNGUARDED_AVAILABILITY = YES_AGGRESSIVE;
				CLANG_WARN_UNREACHABLE_CODE = YES;
				CLANG_WARN__DUPLICATE_METHOD_MATCH = YES;
				COPY_PHASE_STRIP = NO;
				DEBUG_INFORMATION_FORMAT = "dwarf-with-dsym";
				ENABLE_NS_ASSERTIONS = NO;
				ENABLE_STRICT_OBJC_MSGSEND = YES;
				ENABLE_USER_SCRIPT_SANDBOXING = YES;
				GCC_C_LANGUAGE_STANDARD = gnu17;
				GCC_NO_COMMON_BLOCKS = YES;
				GCC_WARN_64_TO_32_BIT_CONVERSION = YES;
				GCC_WARN_ABOUT_RETURN_TYPE = YES_ERROR;
				GCC_WARN_UNDECLARED_SELECTOR = YES;
				GCC_WARN_UNINITIALIZED_AUTOS = YES_AGGRESSIVE;
				GCC_WARN_UNUSED_FUNCTION = YES;
				GCC_WARN_UNUSED_VARIABLE = YES;
				IPHONEOS_DEPLOYMENT_TARGET = 17.2;
				LOCALIZATION_PREFERS_STRING_CATALOGS = YES;
				MTL_ENABLE_DEBUG_INFO = NO;
				MTL_FAST_MATH = YES;
				SDKROOT = iphoneos;
				SWIFT_COMPILATION_MODE = wholemodule;
				VALIDATE_PRODUCT = YES;
			};
			name = Release;
		};
		19A75C5D2B64056900CEF00F /* Debug */ = {
			isa = XCBuildConfiguration;
			buildSettings = {
				ASSETCATALOG_COMPILER_APPICON_NAME = AppIcon;
				ASSETCATALOG_COMPILER_GLOBAL_ACCENT_COLOR_NAME = AccentColor;
				CODE_SIGN_STYLE = Automatic;
				CURRENT_PROJECT_VERSION = 1;
				DEVELOPMENT_ASSET_PATHS = "\"ARInventoryApp/Preview Content\"";
				DEVELOPMENT_TEAM = YY38H52DZ8;
				ENABLE_PREVIEWS = YES;
				GENERATE_INFOPLIST_FILE = YES;
				INFOPLIST_FILE = ARInventoryApp/Info.plist;
				INFOPLIST_KEY_UIApplicationSceneManifest_Generation = YES;
				INFOPLIST_KEY_UIApplicationSupportsIndirectInputEvents = YES;
				INFOPLIST_KEY_UILaunchScreen_Generation = YES;
				INFOPLIST_KEY_UISupportedInterfaceOrientations_iPad = "UIInterfaceOrientationPortrait UIInterfaceOrientationPortraitUpsideDown UIInterfaceOrientationLandscapeLeft UIInterfaceOrientationLandscapeRight";
				INFOPLIST_KEY_UISupportedInterfaceOrientations_iPhone = "UIInterfaceOrientationPortrait UIInterfaceOrientationLandscapeLeft UIInterfaceOrientationLandscapeRight";
				LD_RUNPATH_SEARCH_PATHS = (
					"$(inherited)",
					"@executable_path/Frameworks",
				);
				MARKETING_VERSION = 1.0;
				PRODUCT_BUNDLE_IDENTIFIER = arinventoryapp;
				PRODUCT_NAME = "$(TARGET_NAME)";
				SWIFT_EMIT_LOC_STRINGS = YES;
				SWIFT_VERSION = 5.0;
				TARGETED_DEVICE_FAMILY = "1,2";
			};
			name = Debug;
		};
		19A75C5E2B64056900CEF00F /* Release */ = {
			isa = XCBuildConfiguration;
			buildSettings = {
				ASSETCATALOG_COMPILER_APPICON_NAME = AppIcon;
				ASSETCATALOG_COMPILER_GLOBAL_ACCENT_COLOR_NAME = AccentColor;
				CODE_SIGN_STYLE = Automatic;
				CURRENT_PROJECT_VERSION = 1;
				DEVELOPMENT_ASSET_PATHS = "\"ARInventoryApp/Preview Content\"";
				DEVELOPMENT_TEAM = YY38H52DZ8;
				ENABLE_PREVIEWS = YES;
				GENERATE_INFOPLIST_FILE = YES;
				INFOPLIST_FILE = ARInventoryApp/Info.plist;
				INFOPLIST_KEY_UIApplicationSceneManifest_Generation = YES;
				INFOPLIST_KEY_UIApplicationSupportsIndirectInputEvents = YES;
				INFOPLIST_KEY_UILaunchScreen_Generation = YES;
				INFOPLIST_KEY_UISupportedInterfaceOrientations_iPad = "UIInterfaceOrientationPortrait UIInterfaceOrientationPortraitUpsideDown UIInterfaceOrientationLandscapeLeft UIInterfaceOrientationLandscapeRight";
				INFOPLIST_KEY_UISupportedInterfaceOrientations_iPhone = "UIInterfaceOrientationPortrait UIInterfaceOrientationLandscapeLeft UIInterfaceOrientationLandscapeRight";
				LD_RUNPATH_SEARCH_PATHS = (
					"$(inherited)",
					"@executable_path/Frameworks",
				);
				MARKETING_VERSION = 1.0;
				PRODUCT_BUNDLE_IDENTIFIER = arinventoryapp;
				PRODUCT_NAME = "$(TARGET_NAME)";
				SWIFT_EMIT_LOC_STRINGS = YES;
				SWIFT_VERSION = 5.0;
				TARGETED_DEVICE_FAMILY = "1,2";
			};
			name = Release;
		};
		19A75C742B64059B00CEF00F /* Debug */ = {
			isa = XCBuildConfiguration;
			buildSettings = {
				ASSETCATALOG_COMPILER_APPICON_NAME = AppIcon;
				ASSETCATALOG_COMPILER_GLOBAL_ACCENT_COLOR_NAME = AccentColor;
				CODE_SIGN_STYLE = Automatic;
				CURRENT_PROJECT_VERSION = 1;
				DEVELOPMENT_ASSET_PATHS = "\"ARInventoryAppVision/Preview Content\"";
				DEVELOPMENT_TEAM = YY38H52DZ8;
				ENABLE_PREVIEWS = YES;
				GENERATE_INFOPLIST_FILE = YES;
				INFOPLIST_FILE = "$(TARGET_NAME)/Info.plist";
				LD_RUNPATH_SEARCH_PATHS = (
					"$(inherited)",
					"@executable_path/Frameworks",
				);
				MARKETING_VERSION = 1.0;
				PRODUCT_BUNDLE_IDENTIFIER = arinventoryapp;
				PRODUCT_NAME = "$(TARGET_NAME)";
				SDKROOT = xros;
				SUPPORTED_PLATFORMS = "xros xrsimulator";
				SWIFT_EMIT_LOC_STRINGS = YES;
				SWIFT_VERSION = 5.0;
				TARGETED_DEVICE_FAMILY = "1,2,7";
				XROS_DEPLOYMENT_TARGET = 1.0;
			};
			name = Debug;
		};
		19A75C752B64059B00CEF00F /* Release */ = {
			isa = XCBuildConfiguration;
			buildSettings = {
				ASSETCATALOG_COMPILER_APPICON_NAME = AppIcon;
				ASSETCATALOG_COMPILER_GLOBAL_ACCENT_COLOR_NAME = AccentColor;
				CODE_SIGN_STYLE = Automatic;
				CURRENT_PROJECT_VERSION = 1;
				DEVELOPMENT_ASSET_PATHS = "\"ARInventoryAppVision/Preview Content\"";
				DEVELOPMENT_TEAM = YY38H52DZ8;
				ENABLE_PREVIEWS = YES;
				GENERATE_INFOPLIST_FILE = YES;
				INFOPLIST_FILE = "$(TARGET_NAME)/Info.plist";
				LD_RUNPATH_SEARCH_PATHS = (
					"$(inherited)",
					"@executable_path/Frameworks",
				);
				MARKETING_VERSION = 1.0;
				PRODUCT_BUNDLE_IDENTIFIER = arinventoryapp;
				PRODUCT_NAME = "$(TARGET_NAME)";
				SDKROOT = xros;
				SUPPORTED_PLATFORMS = "xros xrsimulator";
				SWIFT_EMIT_LOC_STRINGS = YES;
				SWIFT_VERSION = 5.0;
				TARGETED_DEVICE_FAMILY = "1,2,7";
				XROS_DEPLOYMENT_TARGET = 1.0;
			};
			name = Release;
		};
/* End XCBuildConfiguration section */

/* Begin XCConfigurationList section */
		19A75C492B64056900CEF00F /* Build configuration list for PBXProject "ARInventoryApp" */ = {
			isa = XCConfigurationList;
			buildConfigurations = (
				19A75C5A2B64056900CEF00F /* Debug */,
				19A75C5B2B64056900CEF00F /* Release */,
			);
			defaultConfigurationIsVisible = 0;
			defaultConfigurationName = Release;
		};
		19A75C5C2B64056900CEF00F /* Build configuration list for PBXNativeTarget "ARInventoryApp" */ = {
			isa = XCConfigurationList;
			buildConfigurations = (
				19A75C5D2B64056900CEF00F /* Debug */,
				19A75C5E2B64056900CEF00F /* Release */,
			);
			defaultConfigurationIsVisible = 0;
			defaultConfigurationName = Release;
		};
		19A75C732B64059B00CEF00F /* Build configuration list for PBXNativeTarget "ARInventoryAppVision" */ = {
			isa = XCConfigurationList;
			buildConfigurations = (
				19A75C742B64059B00CEF00F /* Debug */,
				19A75C752B64059B00CEF00F /* Release */,
			);
			defaultConfigurationIsVisible = 0;
			defaultConfigurationName = Release;
		};
/* End XCConfigurationList section */

/* Begin XCRemoteSwiftPackageReference section */
		19A75C762B6405F500CEF00F /* XCRemoteSwiftPackageReference "firebase-ios-sdk" */ = {
			isa = XCRemoteSwiftPackageReference;
			repositoryURL = "https://github.com/firebase/firebase-ios-sdk";
			requirement = {
				kind = upToNextMajorVersion;
				minimumVersion = 10.20.0;
			};
		};
/* End XCRemoteSwiftPackageReference section */

/* Begin XCSwiftPackageProductDependency section */
		19A75C672B64059A00CEF00F /* RealityKitContent */ = {
			isa = XCSwiftPackageProductDependency;
			productName = RealityKitContent;
		};
		19A75C782B64061600CEF00F /* FirebaseFirestore */ = {
			isa = XCSwiftPackageProductDependency;
			package = 19A75C762B6405F500CEF00F /* XCRemoteSwiftPackageReference "firebase-ios-sdk" */;
			productName = FirebaseFirestore;
		};
		19A75C7A2B64061600CEF00F /* FirebaseFirestoreSwift */ = {
			isa = XCSwiftPackageProductDependency;
			package = 19A75C762B6405F500CEF00F /* XCRemoteSwiftPackageReference "firebase-ios-sdk" */;
			productName = FirebaseFirestoreSwift;
		};
		19A75C7C2B64061600CEF00F /* FirebaseStorage */ = {
			isa = XCSwiftPackageProductDependency;
			package = 19A75C762B6405F500CEF00F /* XCRemoteSwiftPackageReference "firebase-ios-sdk" */;
			productName = FirebaseStorage;
		};
		19A75C7E2B64062500CEF00F /* FirebaseFirestore */ = {
			isa = XCSwiftPackageProductDependency;
			package = 19A75C762B6405F500CEF00F /* XCRemoteSwiftPackageReference "firebase-ios-sdk" */;
			productName = FirebaseFirestore;
		};
		19A75C802B64062500CEF00F /* FirebaseFirestoreSwift */ = {
			isa = XCSwiftPackageProductDependency;
			package = 19A75C762B6405F500CEF00F /* XCRemoteSwiftPackageReference "firebase-ios-sdk" */;
			productName = FirebaseFirestoreSwift;
		};
		19A75C822B64062500CEF00F /* FirebaseStorage */ = {
			isa = XCSwiftPackageProductDependency;
			package = 19A75C762B6405F500CEF00F /* XCRemoteSwiftPackageReference "firebase-ios-sdk" */;
			productName = FirebaseStorage;
		};
/* End XCSwiftPackageProductDependency section */
	};
	rootObject = 19A75C462B64056900CEF00F /* Project object */;
}
